
Microsoft Visual Studio Solution File, Format Version 12.00
# Visual Studio Version 16
VisualStudioVersion = 16.0.31005.135
MinimumVisualStudioVersion = 10.0.40219.1
Project("{FAE04EC0-301F-11D3-BF4B-00C04F79EFBC}") = "HalamanUtama", "HalamanUtama\HalamanUtama.csproj", "{3D908A6F-C233-437D-8258-F8EBF614AFD8}"
EndProject
Global
	GlobalSection(SolutionConfigurationPlatforms) = preSolution
		Debug|Any CPU = Debug|Any CPU
		Release|Any CPU = Release|Any CPU
	EndGlobalSection
	GlobalSection(ProjectConfigurationPlatforms) = postSolution
		{3D908A6F-C233-437D-8258-F8EBF614AFD8}.Debug|Any CPU.ActiveCfg = Debug|Any CPU
		{3D908A6F-C233-437D-8258-F8EBF614AFD8}.Debug|Any CPU.Build.0 = Debug|Any CPU
		{3D908A6F-C233-437D-8258-F8EBF614AFD8}.Release|Any CPU.ActiveCfg = Release|Any CPU
		{3D908A6F-C233-437D-8258-F8EBF614AFD8}.Release|Any CPU.Build.0 = Release|Any CPU
	EndGlobalSection
	GlobalSection(SolutionProperties) = preSolution
		HideSolutionNode = FALSE
	EndGlobalSection
	GlobalSection(ExtensibilityGlobals) = postSolution
		SolutionGuid = {CD1DF8BF-146D-4D8D-836A-1ED716F94086}
	EndGlobalSection
EndGlobal
